
Microsoft Visual Studio Solution File, Format Version 12.00
# Visual Studio Version 17
VisualStudioVersion = 17.0.32014.148
MinimumVisualStudioVersion = 10.0.40219.1
Project("{FAE04EC0-301F-11D3-BF4B-00C04F79EFBC}") = "PessoaCadastro", "PessoaCadastro.csproj", "{7F833550-B8E2-40CF-B1DB-D1E50E234817}"
EndProject
Global
	GlobalSection(SolutionConfigurationPlatforms) = preSolution
		Debug|Any CPU = Debug|Any CPU
		Release|Any CPU = Release|Any CPU
	EndGlobalSection
	GlobalSection(ProjectConfigurationPlatforms) = postSolution
		{7F833550-B8E2-40CF-B1DB-D1E50E234817}.Debug|Any CPU.ActiveCfg = Debug|Any CPU
		{7F833550-B8E2-40CF-B1DB-D1E50E234817}.Debug|Any CPU.Build.0 = Debug|Any CPU
		{7F833550-B8E2-40CF-B1DB-D1E50E234817}.Release|Any CPU.ActiveCfg = Release|Any CPU
		{7F833550-B8E2-40CF-B1DB-D1E50E234817}.Release|Any CPU.Build.0 = Release|Any CPU
	EndGlobalSection
	GlobalSection(SolutionProperties) = preSolution
		HideSolutionNode = FALSE
	EndGlobalSection
	GlobalSection(ExtensibilityGlobals) = postSolution
		SolutionGuid = {F7ABCFDB-3977-4205-927B-E52E872E7A2C}
	EndGlobalSection
EndGlobal
